
Microsoft Visual Studio Solution File, Format Version 12.00
# Visual Studio Version 16
VisualStudioVersion = 16.0.32228.343
MinimumVisualStudioVersion = 10.0.40219.1
Project("{FAE04EC0-301F-11D3-BF4B-00C04F79EFBC}") = "Semana7Calculadora", "Semana7Calculadora\Semana7Calculadora.csproj", "{8294B5C1-89A1-4BAE-A985-A74560C9D5C9}"
EndProject
Project("{FAE04EC0-301F-11D3-BF4B-00C04F79EFBC}") = "PruebaCalculadora", "PruebaCalculadora\PruebaCalculadora.csproj", "{1A9A87C7-CFE4-44A5-B525-C24FCC97330F}"
EndProject
Global
	GlobalSection(SolutionConfigurationPlatforms) = preSolution
		Debug|Any CPU = Debug|Any CPU
		Release|Any CPU = Release|Any CPU
	EndGlobalSection
	GlobalSection(ProjectConfigurationPlatforms) = postSolution
		{8294B5C1-89A1-4BAE-A985-A74560C9D5C9}.Debug|Any CPU.ActiveCfg = Debug|Any CPU
		{8294B5C1-89A1-4BAE-A985-A74560C9D5C9}.Debug|Any CPU.Build.0 = Debug|Any CPU
		{8294B5C1-89A1-4BAE-A985-A74560C9D5C9}.Release|Any CPU.ActiveCfg = Release|Any CPU
		{8294B5C1-89A1-4BAE-A985-A74560C9D5C9}.Release|Any CPU.Build.0 = Release|Any CPU
		{1A9A87C7-CFE4-44A5-B525-C24FCC97330F}.Debug|Any CPU.ActiveCfg = Debug|Any CPU
		{1A9A87C7-CFE4-44A5-B525-C24FCC97330F}.Debug|Any CPU.Build.0 = Debug|Any CPU
		{1A9A87C7-CFE4-44A5-B525-C24FCC97330F}.Release|Any CPU.ActiveCfg = Release|Any CPU
		{1A9A87C7-CFE4-44A5-B525-C24FCC97330F}.Release|Any CPU.Build.0 = Release|Any CPU
	EndGlobalSection
	GlobalSection(SolutionProperties) = preSolution
		HideSolutionNode = FALSE
	EndGlobalSection
	GlobalSection(ExtensibilityGlobals) = postSolution
		SolutionGuid = {A50EC741-D508-4833-98EA-D2A4FCAB25FB}
	EndGlobalSection
EndGlobal
